// !$*UTF8*$!
{
	archiveVersion = 1;
	classes = {
	};
	objectVersion = 46;
	objects = {

/* Begin PBXBuildFile section */
		47F355DE1C188356003650CE /* AppDelegate.swift in Sources */ = {isa = PBXBuildFile; fileRef = 47F355DD1C188356003650CE /* AppDelegate.swift */; };
		47F355E01C188356003650CE /* ViewController.swift in Sources */ = {isa = PBXBuildFile; fileRef = 47F355DF1C188356003650CE /* ViewController.swift */; };
		47F355E31C188356003650CE /* Main.storyboard in Resources */ = {isa = PBXBuildFile; fileRef = 47F355E11C188356003650CE /* Main.storyboard */; };
		47F355E51C188356003650CE /* Assets.xcassets in Resources */ = {isa = PBXBuildFile; fileRef = 47F355E41C188356003650CE /* Assets.xcassets */; };
		47F355E81C188356003650CE /* LaunchScreen.storyboard in Resources */ = {isa = PBXBuildFile; fileRef = 47F355E61C188356003650CE /* LaunchScreen.storyboard */; };
		47F355F31C188356003650CE /* gitTest3Tests.swift in Sources */ = {isa = PBXBuildFile; fileRef = 47F355F21C188356003650CE /* gitTest3Tests.swift */; };
		47F355FE1C188356003650CE /* gitTest3UITests.swift in Sources */ = {isa = PBXBuildFile; fileRef = 47F355FD1C188356003650CE /* gitTest3UITests.swift */; };
/* End PBXBuildFile section */

/* Begin PBXContainerItemProxy section */
		47F355EF1C188356003650CE /* PBXContainerItemProxy */ = {
			isa = PBXContainerItemProxy;
			containerPortal = 47F355D21C188356003650CE /* Project object */;
			proxyType = 1;
			remoteGlobalIDString = 47F355D91C188356003650CE;
			remoteInfo = gitTest3;
		};
		47F355FA1C188356003650CE /* PBXContainerItemProxy */ = {
			isa = PBXContainerItemProxy;
			containerPortal = 47F355D21C188356003650CE /* Project object */;
			proxyType = 1;
			remoteGlobalIDString = 47F355D91C188356003650CE;
			remoteInfo = gitTest3;
		};
/* End PBXContainerItemProxy section */

/* Begin PBXFileReference section */
		47F355DA1C188356003650CE /* gitTest3.app */ = {isa = PBXFileReference; explicitFileType = wrapper.application; includeInIndex = 0; path = gitTest3.app; sourceTree = BUILT_PRODUCTS_DIR; };
		47F355DD1C188356003650CE /* AppDelegate.swift */ = {isa = PBXFileReference; lastKnownFileType = sourcecode.swift; path = AppDelegate.swift; sourceTree = "<group>"; };
		47F355DF1C188356003650CE /* ViewController.swift */ = {isa = PBXFileReference; lastKnownFileType = sourcecode.swift; path = ViewController.swift; sourceTree = "<group>"; };
		47F355E21C188356003650CE /* Base */ = {isa = PBXFileReference; lastKnownFileType = file.storyboard; name = Base; path = Base.lproj/Main.storyboard; sourceTree = "<group>"; };
		47F355E41C188356003650CE /* Assets.xcassets */ = {isa = PBXFileReference; lastKnownFileType = folder.assetcatalog; path = Assets.xcassets; sourceTree = "<group>"; };
		47F355E71C188356003650CE /* Base */ = {isa = PBXFileReference; lastKnownFileType = file.storyboard; name = Base; path = Base.lproj/LaunchScreen.storyboard; sourceTree = "<group>"; };
		47F355E91C188356003650CE /* Info.plist */ = {isa = PBXFileReference; lastKnownFileType = text.plist.xml; path = Info.plist; sourceTree = "<group>"; };
		47F355EE1C188356003650CE /* gitTest3Tests.xctest */ = {isa = PBXFileReference; explicitFileType = wrapper.cfbundle; includeInIndex = 0; path = gitTest3Tests.xctest; sourceTree = BUILT_PRODUCTS_DIR; };
		47F355F21C188356003650CE /* gitTest3Tests.swift */ = {isa = PBXFileReference; lastKnownFileType = sourcecode.swift; path = gitTest3Tests.swift; sourceTree = "<group>"; };
		47F355F41C188356003650CE /* Info.plist */ = {isa = PBXFileReference; lastKnownFileType = text.plist.xml; path = Info.plist; sourceTree = "<group>"; };
		47F355F91C188356003650CE /* gitTest3UITests.xctest */ = {isa = PBXFileReference; explicitFileType = wrapper.cfbundle; includeInIndex = 0; path = gitTest3UITests.xctest; sourceTree = BUILT_PRODUCTS_DIR; };
		47F355FD1C188356003650CE /* gitTest3UITests.swift */ = {isa = PBXFileReference; lastKnownFileType = sourcecode.swift; path = gitTest3UITests.swift; sourceTree = "<group>"; };
		47F355FF1C188356003650CE /* Info.plist */ = {isa = PBXFileReference; lastKnownFileType = text.plist.xml; path = Info.plist; sourceTree = "<group>"; };
/* End PBXFileReference section */

/* Begin PBXFrameworksBuildPhase section */
		47F355D71C188356003650CE /* Frameworks */ = {
			isa = PBXFrameworksBuildPhase;
			buildActionMask = 2147483647;
			files = (
			);
			runOnlyForDeploymentPostprocessing = 0;
		};
		47F355EB1C188356003650CE /* Frameworks */ = {
			isa = PBXFrameworksBuildPhase;
			buildActionMask = 2147483647;
			files = (
			);
			runOnlyForDeploymentPostprocessing = 0;
		};
		47F355F61C188356003650CE /* Frameworks */ = {
			isa = PBXFrameworksBuildPhase;
			buildActionMask = 2147483647;
			files = (
			);
			runOnlyForDeploymentPostprocessing = 0;
		};
/* End PBXFrameworksBuildPhase section */

/* Begin PBXGroup section */
		47F355D11C188356003650CE = {
			isa = PBXGroup;
			children = (
				47F355DC1C188356003650CE /* gitTest3 */,
				47F355F11C188356003650CE /* gitTest3Tests */,
				47F355FC1C188356003650CE /* gitTest3UITests */,
				47F355DB1C188356003650CE /* Products */,
			);
			sourceTree = "<group>";
		};
		47F355DB1C188356003650CE /* Products */ = {
			isa = PBXGroup;
			children = (
				47F355DA1C188356003650CE /* gitTest3.app */,
				47F355EE1C188356003650CE /* gitTest3Tests.xctest */,
				47F355F91C188356003650CE /* gitTest3UITests.xctest */,
			);
			name = Products;
			sourceTree = "<group>";
		};
		47F355DC1C188356003650CE /* gitTest3 */ = {
			isa = PBXGroup;
			children = (
				47F355DD1C188356003650CE /* AppDelegate.swift */,
				47F355DF1C188356003650CE /* ViewController.swift */,
				47F355E11C188356003650CE /* Main.storyboard */,
				47F355E41C188356003650CE /* Assets.xcassets */,
				47F355E61C188356003650CE /* LaunchScreen.storyboard */,
				47F355E91C188356003650CE /* Info.plist */,
			);
			path = gitTest3;
			sourceTree = "<group>";
		};
		47F355F11C188356003650CE /* gitTest3Tests */ = {
			isa = PBXGroup;
			children = (
				47F355F21C188356003650CE /* gitTest3Tests.swift */,
				47F355F41C188356003650CE /* Info.plist */,
			);
			path = gitTest3Tests;
			sourceTree = "<group>";
		};
		47F355FC1C188356003650CE /* gitTest3UITests */ = {
			isa = PBXGroup;
			children = (
				47F355FD1C188356003650CE /* gitTest3UITests.swift */,
				47F355FF1C188356003650CE /* Info.plist */,
			);
			path = gitTest3UITests;
			sourceTree = "<group>";
		};
/* End PBXGroup section */

/* Begin PBXNativeTarget section */
		47F355D91C188356003650CE /* gitTest3 */ = {
			isa = PBXNativeTarget;
			buildConfigurationList = 47F356021C188356003650CE /* Build configuration list for PBXNativeTarget "gitTest3" */;
			buildPhases = (
				47F355D61C188356003650CE /* Sources */,
				47F355D71C188356003650CE /* Frameworks */,
				47F355D81C188356003650CE /* Resources */,
			);
			buildRules = (
			);
			dependencies = (
			);
			name = gitTest3;
			productName = gitTest3;
			productReference = 47F355DA1C188356003650CE /* gitTest3.app */;
			productType = "com.apple.product-type.application";
		};
		47F355ED1C188356003650CE /* gitTest3Tests */ = {
			isa = PBXNativeTarget;
			buildConfigurationList = 47F356051C188356003650CE /* Build configuration list for PBXNativeTarget "gitTest3Tests" */;
			buildPhases = (
				47F355EA1C188356003650CE /* Sources */,
				47F355EB1C188356003650CE /* Frameworks */,
				47F355EC1C188356003650CE /* Resources */,
			);
			buildRules = (
			);
			dependencies = (
				47F355F01C188356003650CE /* PBXTargetDependency */,
			);
			name = gitTest3Tests;
			productName = gitTest3Tests;
			productReference = 47F355EE1C188356003650CE /* gitTest3Tests.xctest */;
			productType = "com.apple.product-type.bundle.unit-test";
		};
		47F355F81C188356003650CE /* gitTest3UITests */ = {
			isa = PBXNativeTarget;
			buildConfigurationList = 47F356081C188356003650CE /* Build configuration list for PBXNativeTarget "gitTest3UITests" */;
			buildPhases = (
				47F355F51C188356003650CE /* Sources */,
				47F355F61C188356003650CE /* Frameworks */,
				47F355F71C188356003650CE /* Resources */,
			);
			buildRules = (
			);
			dependencies = (
				47F355FB1C188356003650CE /* PBXTargetDependency */,
			);
			name = gitTest3UITests;
			productName = gitTest3UITests;
			productReference = 47F355F91C188356003650CE /* gitTest3UITests.xctest */;
			productType = "com.apple.product-type.bundle.ui-testing";
		};
/* End PBXNativeTarget section */

/* Begin PBXProject section */
		47F355D21C188356003650CE /* Project object */ = {
			isa = PBXProject;
			attributes = {
				LastSwiftUpdateCheck = 0710;
				LastUpgradeCheck = 0710;
				ORGANIZATIONNAME = EA;
				TargetAttributes = {
					47F355D91C188356003650CE = {
						CreatedOnToolsVersion = 7.1;
					};
					47F355ED1C188356003650CE = {
						CreatedOnToolsVersion = 7.1;
						TestTargetID = 47F355D91C188356003650CE;
					};
					47F355F81C188356003650CE = {
						CreatedOnToolsVersion = 7.1;
						TestTargetID = 47F355D91C188356003650CE;
					};
				};
			};
			buildConfigurationList = 47F355D51C188356003650CE /* Build configuration list for PBXProject "gitTest3" */;
			compatibilityVersion = "Xcode 3.2";
			developmentRegion = English;
			hasScannedForEncodings = 0;
			knownRegions = (
				en,
				Base,
			);
			mainGroup = 47F355D11C188356003650CE;
			productRefGroup = 47F355DB1C188356003650CE /* Products */;
			projectDirPath = "";
			projectRoot = "";
			targets = (
				47F355D91C188356003650CE /* gitTest3 */,
				47F355ED1C188356003650CE /* gitTest3Tests */,
				47F355F81C188356003650CE /* gitTest3UITests */,
			);
		};
/* End PBXProject section */

/* Begin PBXResourcesBuildPhase section */
		47F355D81C188356003650CE /* Resources */ = {
			isa = PBXResourcesBuildPhase;
			buildActionMask = 2147483647;
			files = (
				47F355E81C188356003650CE /* LaunchScreen.storyboard in Resources */,
				47F355E51C188356003650CE /* Assets.xcassets in Resources */,
				47F355E31C188356003650CE /* Main.storyboard in Resources */,
			);
			runOnlyForDeploymentPostprocessing = 0;
		};
		47F355EC1C188356003650CE /* Resources */ = {
			isa = PBXResourcesBuildPhase;
			buildActionMask = 2147483647;
			files = (
			);
			runOnlyForDeploymentPostprocessing = 0;
		};
		47F355F71C188356003650CE /* Resources */ = {
			isa = PBXResourcesBuildPhase;
			buildActionMask = 2147483647;
			files = (
			);
			runOnlyForDeploymentPostprocessing = 0;
		};
/* End PBXResourcesBuildPhase section */

/* Begin PBXSourcesBuildPhase section */
		47F355D61C188356003650CE /* Sources */ = {
			isa = PBXSourcesBuildPhase;
			buildActionMask = 2147483647;
			files = (
				47F355E01C188356003650CE /* ViewController.swift in Sources */,
				47F355DE1C188356003650CE /* AppDelegate.swift in Sources */,
			);
			runOnlyForDeploymentPostprocessing = 0;
		};
		47F355EA1C188356003650CE /* Sources */ = {
			isa = PBXSourcesBuildPhase;
			buildActionMask = 2147483647;
			files = (
				47F355F31C188356003650CE /* gitTest3Tests.swift in Sources */,
			);
			runOnlyForDeploymentPostprocessing = 0;
		};
		47F355F51C188356003650CE /* Sources */ = {
			isa = PBXSourcesBuildPhase;
			buildActionMask = 2147483647;
			files = (
				47F355FE1C188356003650CE /* gitTest3UITests.swift in Sources */,
			);
			runOnlyForDeploymentPostprocessing = 0;
		};
/* End PBXSourcesBuildPhase section */

/* Begin PBXTargetDependency section */
		47F355F01C188356003650CE /* PBXTargetDependency */ = {
			isa = PBXTargetDependency;
			target = 47F355D91C188356003650CE /* gitTest3 */;
			targetProxy = 47F355EF1C188356003650CE /* PBXContainerItemProxy */;
		};
		47F355FB1C188356003650CE /* PBXTargetDependency */ = {
			isa = PBXTargetDependency;
			target = 47F355D91C188356003650CE /* gitTest3 */;
			targetProxy = 47F355FA1C188356003650CE /* PBXContainerItemProxy */;
		};
/* End PBXTargetDependency section */

/* Begin PBXVariantGroup section */
		47F355E11C188356003650CE /* Main.storyboard */ = {
			isa = PBXVariantGroup;
			children = (
				47F355E21C188356003650CE /* Base */,
			);
			name = Main.storyboard;
			sourceTree = "<group>";
		};
		47F355E61C188356003650CE /* LaunchScreen.storyboard */ = {
			isa = PBXVariantGroup;
			children = (
				47F355E71C188356003650CE /* Base */,
			);
			name = LaunchScreen.storyboard;
			sourceTree = "<group>";
		};
/* End PBXVariantGroup section */

/* Begin XCBuildConfiguration section */
		47F356001C188356003650CE /* Debug */ = {
			isa = XCBuildConfiguration;
			buildSettings = {
				ALWAYS_SEARCH_USER_PATHS = NO;
				CLANG_CXX_LANGUAGE_STANDARD = "gnu++0x";
				CLANG_CXX_LIBRARY = "libc++";
				CLANG_ENABLE_MODULES = YES;
				CLANG_ENABLE_OBJC_ARC = YES;
				CLANG_WARN_BOOL_CONVERSION = YES;
				CLANG_WARN_CONSTANT_CONVERSION = YES;
				CLANG_WARN_DIRECT_OBJC_ISA_USAGE = YES_ERROR;
				CLANG_WARN_EMPTY_BODY = YES;
				CLANG_WARN_ENUM_CONVERSION = YES;
				CLANG_WARN_INT_CONVERSION = YES;
				CLANG_WARN_OBJC_ROOT_CLASS = YES_ERROR;
				CLANG_WARN_UNREACHABLE_CODE = YES;
				CLANG_WARN__DUPLICATE_METHOD_MATCH = YES;
				"CODE_SIGN_IDENTITY[sdk=iphoneos*]" = "iPhone Developer";
				COPY_PHASE_STRIP = NO;
				DEBUG_INFORMATION_FORMAT = dwarf;
				ENABLE_STRICT_OBJC_MSGSEND = YES;
				ENABLE_TESTABILITY = YES;
				GCC_C_LANGUAGE_STANDARD = gnu99;
				GCC_DYNAMIC_NO_PIC = NO;
				GCC_NO_COMMON_BLOCKS = YES;
				GCC_OPTIMIZATION_LEVEL = 0;
				GCC_PREPROCESSOR_DEFINITIONS = (
					"DEBUG=1",
					"$(inherited)",
				);
				GCC_WARN_64_TO_32_BIT_CONVERSION = YES;
				GCC_WARN_ABOUT_RETURN_TYPE = YES_ERROR;
				GCC_WARN_UNDECLARED_SELECTOR = YES;
				GCC_WARN_UNINITIALIZED_AUTOS = YES_AGGRESSIVE;
				GCC_WARN_UNUSED_FUNCTION = YES;
				GCC_WARN_UNUSED_VARIABLE = YES;
				IPHONEOS_DEPLOYMENT_TARGET = 9.1;
				MTL_ENABLE_DEBUG_INFO = YES;
				ONLY_ACTIVE_ARCH = YES;
				SDKROOT = iphoneos;
				SWIFT_OPTIMIZATION_LEVEL = "-Onone";
			};
			name = Debug;
		};
		47F356011C188356003650CE /* Release */ = {
			isa = XCBuildConfiguration;
			buildSettings = {
				ALWAYS_SEARCH_USER_PATHS = NO;
				CLANG_CXX_LANGUAGE_STANDARD = "gnu++0x";
				CLANG_CXX_LIBRARY = "libc++";
				CLANG_ENABLE_MODULES = YES;
				CLANG_ENABLE_OBJC_ARC = YES;
				CLANG_WARN_BOOL_CONVERSION = YES;
				CLANG_WARN_CONSTANT_CONVERSION = YES;
				CLANG_WARN_DIRECT_OBJC_ISA_USAGE = YES_ERROR;
				CLANG_WARN_EMPTY_BODY = YES;
				CLANG_WARN_ENUM_CONVERSION = YES;
				CLANG_WARN_INT_CONVERSION = YES;
				CLANG_WARN_OBJC_ROOT_CLASS = YES_ERROR;
				CLANG_WARN_UNREACHABLE_CODE = YES;
				CLANG_WARN__DUPLICATE_METHOD_MATCH = YES;
				"CODE_SIGN_IDENTITY[sdk=iphoneos*]" = "iPhone Developer";
				COPY_PHASE_STRIP = NO;
				DEBUG_INFORMATION_FORMAT = "dwarf-with-dsym";
				ENABLE_NS_ASSERTIONS = NO;
				ENABLE_STRICT_OBJC_MSGSEND = YES;
				GCC_C_LANGUAGE_STANDARD = gnu99;
				GCC_NO_COMMON_BLOCKS = YES;
				GCC_WARN_64_TO_32_BIT_CONVERSION = YES;
				GCC_WARN_ABOUT_RETURN_TYPE = YES_ERROR;
				GCC_WARN_UNDECLARED_SELECTOR = YES;
				GCC_WARN_UNINITIALIZED_AUTOS = YES_AGGRESSIVE;
				GCC_WARN_UNUSED_FUNCTION = YES;
				GCC_WARN_UNUSED_VARIABLE = YES;
				IPHONEOS_DEPLOYMENT_TARGET = 9.1;
				MTL_ENABLE_DEBUG_INFO = NO;
				SDKROOT = iphoneos;
				VALIDATE_PRODUCT = YES;
			};
			name = Release;
		};
		47F356031C188356003650CE /* Debug */ = {
			isa = XCBuildConfiguration;
			buildSettings = {
				ASSETCATALOG_COMPILER_APPICON_NAME = AppIcon;
				INFOPLIST_FILE = gitTest3/Info.plist;
				LD_RUNPATH_SEARCH_PATHS = "$(inherited) @executable_path/Frameworks";
				PRODUCT_BUNDLE_IDENTIFIER = com.ea.gitTest3;
				PRODUCT_NAME = "$(TARGET_NAME)";
			};
			name = Debug;
		};
		47F356041C188356003650CE /* Release */ = {
			isa = XCBuildConfiguration;
			buildSettings = {
				ASSETCATALOG_COMPILER_APPICON_NAME = AppIcon;
				INFOPLIST_FILE = gitTest3/Info.plist;
				LD_RUNPATH_SEARCH_PATHS = "$(inherited) @executable_path/Frameworks";
				PRODUCT_BUNDLE_IDENTIFIER = com.ea.gitTest3;
				PRODUCT_NAME = "$(TARGET_NAME)";
			};
			name = Release;
		};
		47F356061C188356003650CE /* Debug */ = {
			isa = XCBuildConfiguration;
			buildSettings = {
				BUNDLE_LOADER = "$(TEST_HOST)";
				INFOPLIST_FILE = gitTest3Tests/Info.plist;
				LD_RUNPATH_SEARCH_PATHS = "$(inherited) @executable_path/Frameworks @loader_path/Frameworks";
				PRODUCT_BUNDLE_IDENTIFIER = com.ea.gitTest3Tests;
				PRODUCT_NAME = "$(TARGET_NAME)";
				TEST_HOST = "$(BUILT_PRODUCTS_DIR)/gitTest3.app/gitTest3";
			};
			name = Debug;
		};
		47F356071C188356003650CE /* Release */ = {
			isa = XCBuildConfiguration;
			buildSettings = {
				BUNDLE_LOADER = "$(TEST_HOST)";
				INFOPLIST_FILE = gitTest3Tests/Info.plist;
				LD_RUNPATH_SEARCH_PATHS = "$(inherited) @executable_path/Frameworks @loader_path/Frameworks";
				PRODUCT_BUNDLE_IDENTIFIER = com.ea.gitTest3Tests;
				PRODUCT_NAME = "$(TARGET_NAME)";
				TEST_HOST = "$(BUILT_PRODUCTS_DIR)/gitTest3.app/gitTest3";
			};
			name = Release;
		};
		47F356091C188356003650CE /* Debug */ = {
			isa = XCBuildConfiguration;
			buildSettings = {
				INFOPLIST_FILE = gitTest3UITests/Info.plist;
				LD_RUNPATH_SEARCH_PATHS = "$(inherited) @executable_path/Frameworks @loader_path/Frameworks";
				PRODUCT_BUNDLE_IDENTIFIER = com.ea.gitTest3UITests;
				PRODUCT_NAME = "$(TARGET_NAME)";
				TEST_TARGET_NAME = gitTest3;
				USES_XCTRUNNER = YES;
			};
			name = Debug;
		};
		47F3560A1C188356003650CE /* Release */ = {
			isa = XCBuildConfiguration;
			buildSettings = {
				INFOPLIST_FILE = gitTest3UITests/Info.plist;
				LD_RUNPATH_SEARCH_PATHS = "$(inherited) @executable_path/Frameworks @loader_path/Frameworks";
				PRODUCT_BUNDLE_IDENTIFIER = com.ea.gitTest3UITests;
				PRODUCT_NAME = "$(TARGET_NAME)";
				TEST_TARGET_NAME = gitTest3;
				USES_XCTRUNNER = YES;
			};
			name = Release;
		};
/* End XCBuildConfiguration section */

/* Begin XCConfigurationList section */
		47F355D51C188356003650CE /* Build configuration list for PBXProject "gitTest3" */ = {
			isa = XCConfigurationList;
			buildConfigurations = (
				47F356001C188356003650CE /* Debug */,
				47F356011C188356003650CE /* Release */,
			);
			defaultConfigurationIsVisible = 0;
			defaultConfigurationName = Release;
		};
		47F356021C188356003650CE /* Build configuration list for PBXNativeTarget "gitTest3" */ = {
			isa = XCConfigurationList;
			buildConfigurations = (
				47F356031C188356003650CE /* Debug */,
				47F356041C188356003650CE /* Release */,
			);
			defaultConfigurationIsVisible = 0;
		};
		47F356051C188356003650CE /* Build configuration list for PBXNativeTarget "gitTest3Tests" */ = {
			isa = XCConfigurationList;
			buildConfigurations = (
				47F356061C188356003650CE /* Debug */,
				47F356071C188356003650CE /* Release */,
			);
			defaultConfigurationIsVisible = 0;
		};
		47F356081C188356003650CE /* Build configuration list for PBXNativeTarget "gitTest3UITests" */ = {
			isa = XCConfigurationList;
			buildConfigurations = (
				47F356091C188356003650CE /* Debug */,
				47F3560A1C188356003650CE /* Release */,
			);
			defaultConfigurationIsVisible = 0;
		};
/* End XCConfigurationList section */
	};
	rootObject = 47F355D21C188356003650CE /* Project object */;
}
